
Microsoft Visual Studio Solution File, Format Version 12.00
# Visual Studio Version 16
VisualStudioVersion = 16.0.31112.23
MinimumVisualStudioVersion = 10.0.40219.1
Project("{8BC9CEB8-8B4A-11D0-8D11-00A0C91BC942}") = "UMProt", "UMProt\UMProt.vcxproj", "{AA595D9D-6056-4457-AD1A-22879316CB27}"
EndProject
Project("{8BC9CEB8-8B4A-11D0-8D11-00A0C91BC942}") = "CLI", "CLI\CLI.vcxproj", "{E5674774-572D-4DE0-9E37-D75825997D9E}"
EndProject
Global
	GlobalSection(SolutionConfigurationPlatforms) = preSolution
		Debug|ARM = Debug|ARM
		Debug|ARM64 = Debug|ARM64
		Debug|x64 = Debug|x64
		Debug|x86 = Debug|x86
		Release|ARM = Release|ARM
		Release|ARM64 = Release|ARM64
		Release|x64 = Release|x64
		Release|x86 = Release|x86
	EndGlobalSection
	GlobalSection(ProjectConfigurationPlatforms) = postSolution
		{AA595D9D-6056-4457-AD1A-22879316CB27}.Debug|ARM.ActiveCfg = Debug|ARM
		{AA595D9D-6056-4457-AD1A-22879316CB27}.Debug|ARM.Build.0 = Debug|ARM
		{AA595D9D-6056-4457-AD1A-22879316CB27}.Debug|ARM.Deploy.0 = Debug|ARM
		{AA595D9D-6056-4457-AD1A-22879316CB27}.Debug|ARM64.ActiveCfg = Debug|ARM64
		{AA595D9D-6056-4457-AD1A-22879316CB27}.Debug|ARM64.Build.0 = Debug|ARM64
		{AA595D9D-6056-4457-AD1A-22879316CB27}.Debug|ARM64.Deploy.0 = Debug|ARM64
		{AA595D9D-6056-4457-AD1A-22879316CB27}.Debug|x64.ActiveCfg = Debug|x64
		{AA595D9D-6056-4457-AD1A-22879316CB27}.Debug|x64.Build.0 = Debug|x64
		{AA595D9D-6056-4457-AD1A-22879316CB27}.Debug|x64.Deploy.0 = Debug|x64
		{AA595D9D-6056-4457-AD1A-22879316CB27}.Debug|x86.ActiveCfg = Debug|Win32
		{AA595D9D-6056-4457-AD1A-22879316CB27}.Debug|x86.Build.0 = Debug|Win32
		{AA595D9D-6056-4457-AD1A-22879316CB27}.Debug|x86.Deploy.0 = Debug|Win32
		{AA595D9D-6056-4457-AD1A-22879316CB27}.Release|ARM.ActiveCfg = Release|ARM
		{AA595D9D-6056-4457-AD1A-22879316CB27}.Release|ARM.Build.0 = Release|ARM
		{AA595D9D-6056-4457-AD1A-22879316CB27}.Release|ARM.Deploy.0 = Release|ARM
		{AA595D9D-6056-4457-AD1A-22879316CB27}.Release|ARM64.ActiveCfg = Release|ARM64
		{AA595D9D-6056-4457-AD1A-22879316CB27}.Release|ARM64.Build.0 = Release|ARM64
		{AA595D9D-6056-4457-AD1A-22879316CB27}.Release|ARM64.Deploy.0 = Release|ARM64
		{AA595D9D-6056-4457-AD1A-22879316CB27}.Release|x64.ActiveCfg = Release|x64
		{AA595D9D-6056-4457-AD1A-22879316CB27}.Release|x64.Build.0 = Release|x64
		{AA595D9D-6056-4457-AD1A-22879316CB27}.Release|x86.ActiveCfg = Release|Win32
		{AA595D9D-6056-4457-AD1A-22879316CB27}.Release|x86.Build.0 = Release|Win32
		{AA595D9D-6056-4457-AD1A-22879316CB27}.Release|x86.Deploy.0 = Release|Win32
		{E5674774-572D-4DE0-9E37-D75825997D9E}.Debug|ARM.ActiveCfg = Debug|Win32
		{E5674774-572D-4DE0-9E37-D75825997D9E}.Debug|ARM64.ActiveCfg = Debug|Win32
		{E5674774-572D-4DE0-9E37-D75825997D9E}.Debug|x64.ActiveCfg = Debug|x64
		{E5674774-572D-4DE0-9E37-D75825997D9E}.Debug|x64.Build.0 = Debug|x64
		{E5674774-572D-4DE0-9E37-D75825997D9E}.Debug|x86.ActiveCfg = Debug|Win32
		{E5674774-572D-4DE0-9E37-D75825997D9E}.Debug|x86.Build.0 = Debug|Win32
		{E5674774-572D-4DE0-9E37-D75825997D9E}.Release|ARM.ActiveCfg = Release|Win32
		{E5674774-572D-4DE0-9E37-D75825997D9E}.Release|ARM64.ActiveCfg = Release|Win32
		{E5674774-572D-4DE0-9E37-D75825997D9E}.Release|x64.ActiveCfg = Release|x64
		{E5674774-572D-4DE0-9E37-D75825997D9E}.Release|x64.Build.0 = Release|x64
		{E5674774-572D-4DE0-9E37-D75825997D9E}.Release|x86.ActiveCfg = Release|Win32
		{E5674774-572D-4DE0-9E37-D75825997D9E}.Release|x86.Build.0 = Release|Win32
	EndGlobalSection
	GlobalSection(SolutionProperties) = preSolution
		HideSolutionNode = FALSE
	EndGlobalSection
	GlobalSection(ExtensibilityGlobals) = postSolution
		SolutionGuid = {00253EBA-BF96-4C36-8EB4-DD2521E58E05}
	EndGlobalSection
EndGlobal
